// !$*UTF8*$!
{
	archiveVersion = 1;
	classes = {
	};
	objectVersion = 46;
	objects = {

/* Begin PBXBuildFile section */
		BF0F6FC11EB8ACAB00CF2585 /* AppDelegate.swift in Sources */ = {isa = PBXBuildFile; fileRef = BF0F6FC01EB8ACAB00CF2585 /* AppDelegate.swift */; };
		BF0F6FC31EB8ACAB00CF2585 /* ViewController.swift in Sources */ = {isa = PBXBuildFile; fileRef = BF0F6FC21EB8ACAB00CF2585 /* ViewController.swift */; };
		BF0F6FC61EB8ACAB00CF2585 /* Main.storyboard in Resources */ = {isa = PBXBuildFile; fileRef = BF0F6FC41EB8ACAB00CF2585 /* Main.storyboard */; };
		BF0F6FC91EB8ACAB00CF2585 /* Recipe.xcdatamodeld in Sources */ = {isa = PBXBuildFile; fileRef = BF0F6FC71EB8ACAB00CF2585 /* Recipe.xcdatamodeld */; };
		BF0F6FCB1EB8ACAB00CF2585 /* Assets.xcassets in Resources */ = {isa = PBXBuildFile; fileRef = BF0F6FCA1EB8ACAB00CF2585 /* Assets.xcassets */; };
		BF0F6FCE1EB8ACAB00CF2585 /* LaunchScreen.storyboard in Resources */ = {isa = PBXBuildFile; fileRef = BF0F6FCC1EB8ACAB00CF2585 /* LaunchScreen.storyboard */; };
		BF0F6FD91EB8ACAB00CF2585 /* RecipeTests.swift in Sources */ = {isa = PBXBuildFile; fileRef = BF0F6FD81EB8ACAB00CF2585 /* RecipeTests.swift */; };
		BF0F6FE41EB8ACAB00CF2585 /* RecipeUITests.swift in Sources */ = {isa = PBXBuildFile; fileRef = BF0F6FE31EB8ACAB00CF2585 /* RecipeUITests.swift */; };
		BF0F6FF21EB8B19E00CF2585 /* FeedViewController.swift in Sources */ = {isa = PBXBuildFile; fileRef = BF0F6FF11EB8B19E00CF2585 /* FeedViewController.swift */; };
		BF152EF41EB92822006E9AF1 /* LogInViewController.swift in Sources */ = {isa = PBXBuildFile; fileRef = BF152EF31EB92822006E9AF1 /* LogInViewController.swift */; };
		BF152F391EB92E7F006E9AF1 /* STLoadingable.swift in Sources */ = {isa = PBXBuildFile; fileRef = BF152F371EB92E7F006E9AF1 /* STLoadingable.swift */; };
		BF152F3A1EB92E7F006E9AF1 /* STLoadingGroup.swift in Sources */ = {isa = PBXBuildFile; fileRef = BF152F381EB92E7F006E9AF1 /* STLoadingGroup.swift */; };
		BF152F431EB92E87006E9AF1 /* STArchLoading.swift in Sources */ = {isa = PBXBuildFile; fileRef = BF152F3B1EB92E87006E9AF1 /* STArchLoading.swift */; };
		BF152F441EB92E87006E9AF1 /* STBouncyPreloaderLoading.swift in Sources */ = {isa = PBXBuildFile; fileRef = BF152F3C1EB92E87006E9AF1 /* STBouncyPreloaderLoading.swift */; };
		BF152F451EB92E87006E9AF1 /* STGlassesLoading.swift in Sources */ = {isa = PBXBuildFile; fileRef = BF152F3D1EB92E87006E9AF1 /* STGlassesLoading.swift */; };
		BF152F461EB92E87006E9AF1 /* STPacManLoading.swift in Sources */ = {isa = PBXBuildFile; fileRef = BF152F3E1EB92E87006E9AF1 /* STPacManLoading.swift */; };
		BF152F471EB92E87006E9AF1 /* STSubmitLoading.swift in Sources */ = {isa = PBXBuildFile; fileRef = BF152F3F1EB92E87006E9AF1 /* STSubmitLoading.swift */; };
		BF152F481EB92E87006E9AF1 /* STTriangleLoading.swift in Sources */ = {isa = PBXBuildFile; fileRef = BF152F401EB92E87006E9AF1 /* STTriangleLoading.swift */; };
		BF152F491EB92E87006E9AF1 /* STWalkLoading.swift in Sources */ = {isa = PBXBuildFile; fileRef = BF152F411EB92E87006E9AF1 /* STWalkLoading.swift */; };
		BF152F4A1EB92E87006E9AF1 /* STZhiHuLoading.swift in Sources */ = {isa = PBXBuildFile; fileRef = BF152F421EB92E87006E9AF1 /* STZhiHuLoading.swift */; };
		BF4BFA911EBB4F8300B197E3 /* ViewPageController.swift in Sources */ = {isa = PBXBuildFile; fileRef = BF4BFA901EBB4F8300B197E3 /* ViewPageController.swift */; };
		BF83177F1EBD43100050DCC5 /* DetailViewController.swift in Sources */ = {isa = PBXBuildFile; fileRef = BF83177E1EBD43100050DCC5 /* DetailViewController.swift */; };
		BFB78DC81EBA5250000FE069 /* SetupViewController.swift in Sources */ = {isa = PBXBuildFile; fileRef = BFB78DC71EBA5250000FE069 /* SetupViewController.swift */; };
		BFB8124E1EBFADF500F16FBD /* MyLikesViewController.swift in Sources */ = {isa = PBXBuildFile; fileRef = BFB8124D1EBFADF500F16FBD /* MyLikesViewController.swift */; };
		BFBEEF351EBC99A0006E3F8C /* SettingsViewController.swift in Sources */ = {isa = PBXBuildFile; fileRef = BFBEEF341EBC99A0006E3F8C /* SettingsViewController.swift */; };
		BFC9209E1EB8E74F006962C0 /* DiscoverViewController.swift in Sources */ = {isa = PBXBuildFile; fileRef = BFC9209D1EB8E74F006962C0 /* DiscoverViewController.swift */; };
		BFC920A01EB8FB53006962C0 /* GoogleService-Info.plist in Resources */ = {isa = PBXBuildFile; fileRef = BFC9209F1EB8FB53006962C0 /* GoogleService-Info.plist */; };
		BFC920A21EB9046E006962C0 /* Podfile in Resources */ = {isa = PBXBuildFile; fileRef = BFC920A11EB9046E006962C0 /* Podfile */; };
		BFC920A41EB9075C006962C0 /* MyPageViewController.swift in Sources */ = {isa = PBXBuildFile; fileRef = BFC920A31EB9075C006962C0 /* MyPageViewController.swift */; };
		BFC920A61EB9080B006962C0 /* PostViewController.swift in Sources */ = {isa = PBXBuildFile; fileRef = BFC920A51EB9080B006962C0 /* PostViewController.swift */; };
		BFC920A81EB91389006962C0 /* SignUpViewController.swift in Sources */ = {isa = PBXBuildFile; fileRef = BFC920A71EB91389006962C0 /* SignUpViewController.swift */; };
		BFD77FE31EC2561C00F32356 /* PaperOnboarding.swift in Sources */ = {isa = PBXBuildFile; fileRef = BFD77FE21EC2561C00F32356 /* PaperOnboarding.swift */; };
		BFD77FE51EC2562200F32356 /* PageView.swift in Sources */ = {isa = PBXBuildFile; fileRef = BFD77FE41EC2562200F32356 /* PageView.swift */; };
		BFD77FE71EC2562700F32356 /* PageViewItem.swift in Sources */ = {isa = PBXBuildFile; fileRef = BFD77FE61EC2562700F32356 /* PageViewItem.swift */; };
		BFD77FE91EC2562D00F32356 /* PageContainer.swift in Sources */ = {isa = PBXBuildFile; fileRef = BFD77FE81EC2562D00F32356 /* PageContainer.swift */; };
		BFD77FEB1EC2563600F32356 /* OnboardingContentView.swift in Sources */ = {isa = PBXBuildFile; fileRef = BFD77FEA1EC2563600F32356 /* OnboardingContentView.swift */; };
		BFD77FED1EC2563A00F32356 /* OnboardingContantViewItem.swift in Sources */ = {isa = PBXBuildFile; fileRef = BFD77FEC1EC2563A00F32356 /* OnboardingContantViewItem.swift */; };
		BFD77FF01EC2564200F32356 /* Configuring.swift in Sources */ = {isa = PBXBuildFile; fileRef = BFD77FEE1EC2564200F32356 /* Configuring.swift */; };
		BFD77FF11EC2564200F32356 /* ConstraintsHalper.swift in Sources */ = {isa = PBXBuildFile; fileRef = BFD77FEF1EC2564200F32356 /* ConstraintsHalper.swift */; };
		BFD77FF31EC2564800F32356 /* GestureControl.swift in Sources */ = {isa = PBXBuildFile; fileRef = BFD77FF21EC2564800F32356 /* GestureControl.swift */; };
		BFD77FF51EC2564C00F32356 /* FillAnimationView.swift in Sources */ = {isa = PBXBuildFile; fileRef = BFD77FF41EC2564C00F32356 /* FillAnimationView.swift */; };
		BFD77FF71EC2566E00F32356 /* OnboardingViewController.swift in Sources */ = {isa = PBXBuildFile; fileRef = BFD77FF61EC2566E00F32356 /* OnboardingViewController.swift */; };
		F5C838B2E73F92A4CCA6EBFB /* Pods_Recipe.framework in Frameworks */ = {isa = PBXBuildFile; fileRef = 463988DC8EE3D9228C1D7825 /* Pods_Recipe.framework */; };
/* End PBXBuildFile section */

/* Begin PBXContainerItemProxy section */
		BF0F6FD51EB8ACAB00CF2585 /* PBXContainerItemProxy */ = {
			isa = PBXContainerItemProxy;
			containerPortal = BF0F6FB51EB8ACAB00CF2585 /* Project object */;
			proxyType = 1;
			remoteGlobalIDString = BF0F6FBC1EB8ACAB00CF2585;
			remoteInfo = Recipe;
		};
		BF0F6FE01EB8ACAB00CF2585 /* PBXContainerItemProxy */ = {
			isa = PBXContainerItemProxy;
			containerPortal = BF0F6FB51EB8ACAB00CF2585 /* Project object */;
			proxyType = 1;
			remoteGlobalIDString = BF0F6FBC1EB8ACAB00CF2585;
			remoteInfo = Recipe;
		};
/* End PBXContainerItemProxy section */

/* Begin PBXFileReference section */
		463988DC8EE3D9228C1D7825 /* Pods_Recipe.framework */ = {isa = PBXFileReference; explicitFileType = wrapper.framework; includeInIndex = 0; path = Pods_Recipe.framework; sourceTree = BUILT_PRODUCTS_DIR; };
		54157A229ECB0D593FE80AFB /* Pods-Recipe.release.xcconfig */ = {isa = PBXFileReference; includeInIndex = 1; lastKnownFileType = text.xcconfig; name = "Pods-Recipe.release.xcconfig"; path = "Pods/Target Support Files/Pods-Recipe/Pods-Recipe.release.xcconfig"; sourceTree = "<group>"; };
		8CD0247CCDF4D2D300059EE9 /* Pods-Recipe.debug.xcconfig */ = {isa = PBXFileReference; includeInIndex = 1; lastKnownFileType = text.xcconfig; name = "Pods-Recipe.debug.xcconfig"; path = "Pods/Target Support Files/Pods-Recipe/Pods-Recipe.debug.xcconfig"; sourceTree = "<group>"; };
		BF0F6FBD1EB8ACAB00CF2585 /* Recipe.app */ = {isa = PBXFileReference; explicitFileType = wrapper.application; includeInIndex = 0; path = Recipe.app; sourceTree = BUILT_PRODUCTS_DIR; };
		BF0F6FC01EB8ACAB00CF2585 /* AppDelegate.swift */ = {isa = PBXFileReference; lastKnownFileType = sourcecode.swift; path = AppDelegate.swift; sourceTree = "<group>"; };
		BF0F6FC21EB8ACAB00CF2585 /* ViewController.swift */ = {isa = PBXFileReference; lastKnownFileType = sourcecode.swift; path = ViewController.swift; sourceTree = "<group>"; };
		BF0F6FC51EB8ACAB00CF2585 /* Base */ = {isa = PBXFileReference; lastKnownFileType = file.storyboard; name = Base; path = Base.lproj/Main.storyboard; sourceTree = "<group>"; };
		BF0F6FC81EB8ACAB00CF2585 /* Recipe.xcdatamodel */ = {isa = PBXFileReference; lastKnownFileType = wrapper.xcdatamodel; path = Recipe.xcdatamodel; sourceTree = "<group>"; };
		BF0F6FCA1EB8ACAB00CF2585 /* Assets.xcassets */ = {isa = PBXFileReference; lastKnownFileType = folder.assetcatalog; path = Assets.xcassets; sourceTree = "<group>"; };
		BF0F6FCD1EB8ACAB00CF2585 /* Base */ = {isa = PBXFileReference; lastKnownFileType = file.storyboard; name = Base; path = Base.lproj/LaunchScreen.storyboard; sourceTree = "<group>"; };
		BF0F6FCF1EB8ACAB00CF2585 /* Info.plist */ = {isa = PBXFileReference; lastKnownFileType = text.plist.xml; path = Info.plist; sourceTree = "<group>"; };
		BF0F6FD41EB8ACAB00CF2585 /* RecipeTests.xctest */ = {isa = PBXFileReference; explicitFileType = wrapper.cfbundle; includeInIndex = 0; path = RecipeTests.xctest; sourceTree = BUILT_PRODUCTS_DIR; };
		BF0F6FD81EB8ACAB00CF2585 /* RecipeTests.swift */ = {isa = PBXFileReference; lastKnownFileType = sourcecode.swift; path = RecipeTests.swift; sourceTree = "<group>"; };
		BF0F6FDA1EB8ACAB00CF2585 /* Info.plist */ = {isa = PBXFileReference; lastKnownFileType = text.plist.xml; path = Info.plist; sourceTree = "<group>"; };
		BF0F6FDF1EB8ACAB00CF2585 /* RecipeUITests.xctest */ = {isa = PBXFileReference; explicitFileType = wrapper.cfbundle; includeInIndex = 0; path = RecipeUITests.xctest; sourceTree = BUILT_PRODUCTS_DIR; };
		BF0F6FE31EB8ACAB00CF2585 /* RecipeUITests.swift */ = {isa = PBXFileReference; lastKnownFileType = sourcecode.swift; path = RecipeUITests.swift; sourceTree = "<group>"; };
		BF0F6FE51EB8ACAB00CF2585 /* Info.plist */ = {isa = PBXFileReference; lastKnownFileType = text.plist.xml; path = Info.plist; sourceTree = "<group>"; };
		BF0F6FF11EB8B19E00CF2585 /* FeedViewController.swift */ = {isa = PBXFileReference; fileEncoding = 4; lastKnownFileType = sourcecode.swift; path = FeedViewController.swift; sourceTree = "<group>"; };
		BF152EF31EB92822006E9AF1 /* LogInViewController.swift */ = {isa = PBXFileReference; fileEncoding = 4; lastKnownFileType = sourcecode.swift; path = LogInViewController.swift; sourceTree = "<group>"; };
		BF152F371EB92E7F006E9AF1 /* STLoadingable.swift */ = {isa = PBXFileReference; fileEncoding = 4; lastKnownFileType = sourcecode.swift; path = STLoadingable.swift; sourceTree = "<group>"; };
		BF152F381EB92E7F006E9AF1 /* STLoadingGroup.swift */ = {isa = PBXFileReference; fileEncoding = 4; lastKnownFileType = sourcecode.swift; path = STLoadingGroup.swift; sourceTree = "<group>"; };
		BF152F3B1EB92E87006E9AF1 /* STArchLoading.swift */ = {isa = PBXFileReference; fileEncoding = 4; lastKnownFileType = sourcecode.swift; path = STArchLoading.swift; sourceTree = "<group>"; };
		BF152F3C1EB92E87006E9AF1 /* STBouncyPreloaderLoading.swift */ = {isa = PBXFileReference; fileEncoding = 4; lastKnownFileType = sourcecode.swift; path = STBouncyPreloaderLoading.swift; sourceTree = "<group>"; };
		BF152F3D1EB92E87006E9AF1 /* STGlassesLoading.swift */ = {isa = PBXFileReference; fileEncoding = 4; lastKnownFileType = sourcecode.swift; path = STGlassesLoading.swift; sourceTree = "<group>"; };
		BF152F3E1EB92E87006E9AF1 /* STPacManLoading.swift */ = {isa = PBXFileReference; fileEncoding = 4; lastKnownFileType = sourcecode.swift; path = STPacManLoading.swift; sourceTree = "<group>"; };
		BF152F3F1EB92E87006E9AF1 /* STSubmitLoading.swift */ = {isa = PBXFileReference; fileEncoding = 4; lastKnownFileType = sourcecode.swift; path = STSubmitLoading.swift; sourceTree = "<group>"; };
		BF152F401EB92E87006E9AF1 /* STTriangleLoading.swift */ = {isa = PBXFileReference; fileEncoding = 4; lastKnownFileType = sourcecode.swift; path = STTriangleLoading.swift; sourceTree = "<group>"; };
		BF152F411EB92E87006E9AF1 /* STWalkLoading.swift */ = {isa = PBXFileReference; fileEncoding = 4; lastKnownFileType = sourcecode.swift; path = STWalkLoading.swift; sourceTree = "<group>"; };
		BF152F421EB92E87006E9AF1 /* STZhiHuLoading.swift */ = {isa = PBXFileReference; fileEncoding = 4; lastKnownFileType = sourcecode.swift; path = STZhiHuLoading.swift; sourceTree = "<group>"; };
		BF4BFA901EBB4F8300B197E3 /* ViewPageController.swift */ = {isa = PBXFileReference; fileEncoding = 4; lastKnownFileType = sourcecode.swift; path = ViewPageController.swift; sourceTree = "<group>"; };
		BF83177E1EBD43100050DCC5 /* DetailViewController.swift */ = {isa = PBXFileReference; fileEncoding = 4; lastKnownFileType = sourcecode.swift; path = DetailViewController.swift; sourceTree = "<group>"; usesTabs = 0; };
		BFB78DC71EBA5250000FE069 /* SetupViewController.swift */ = {isa = PBXFileReference; fileEncoding = 4; lastKnownFileType = sourcecode.swift; path = SetupViewController.swift; sourceTree = "<group>"; };
		BFB8124D1EBFADF500F16FBD /* MyLikesViewController.swift */ = {isa = PBXFileReference; fileEncoding = 4; lastKnownFileType = sourcecode.swift; path = MyLikesViewController.swift; sourceTree = "<group>"; };
		BFBEEF341EBC99A0006E3F8C /* SettingsViewController.swift */ = {isa = PBXFileReference; fileEncoding = 4; lastKnownFileType = sourcecode.swift; path = SettingsViewController.swift; sourceTree = "<group>"; };
		BFC9209D1EB8E74F006962C0 /* DiscoverViewController.swift */ = {isa = PBXFileReference; fileEncoding = 4; lastKnownFileType = sourcecode.swift; path = DiscoverViewController.swift; sourceTree = "<group>"; };
		BFC9209F1EB8FB53006962C0 /* GoogleService-Info.plist */ = {isa = PBXFileReference; fileEncoding = 4; lastKnownFileType = text.plist.xml; path = "GoogleService-Info.plist"; sourceTree = "<group>"; };
		BFC920A11EB9046E006962C0 /* Podfile */ = {isa = PBXFileReference; fileEncoding = 4; lastKnownFileType = text; path = Podfile; sourceTree = "<group>"; xcLanguageSpecificationIdentifier = xcode.lang.ruby; };
		BFC920A31EB9075C006962C0 /* MyPageViewController.swift */ = {isa = PBXFileReference; fileEncoding = 4; lastKnownFileType = sourcecode.swift; path = MyPageViewController.swift; sourceTree = "<group>"; };
		BFC920A51EB9080B006962C0 /* PostViewController.swift */ = {isa = PBXFileReference; fileEncoding = 4; lastKnownFileType = sourcecode.swift; path = PostViewController.swift; sourceTree = "<group>"; };
		BFC920A71EB91389006962C0 /* SignUpViewController.swift */ = {isa = PBXFileReference; fileEncoding = 4; lastKnownFileType = sourcecode.swift; path = SignUpViewController.swift; sourceTree = "<group>"; };
		BFD77FE21EC2561C00F32356 /* PaperOnboarding.swift */ = {isa = PBXFileReference; fileEncoding = 4; lastKnownFileType = sourcecode.swift; path = PaperOnboarding.swift; sourceTree = "<group>"; };
		BFD77FE41EC2562200F32356 /* PageView.swift */ = {isa = PBXFileReference; fileEncoding = 4; lastKnownFileType = sourcecode.swift; path = PageView.swift; sourceTree = "<group>"; };
		BFD77FE61EC2562700F32356 /* PageViewItem.swift */ = {isa = PBXFileReference; fileEncoding = 4; lastKnownFileType = sourcecode.swift; path = PageViewItem.swift; sourceTree = "<group>"; };
		BFD77FE81EC2562D00F32356 /* PageContainer.swift */ = {isa = PBXFileReference; fileEncoding = 4; lastKnownFileType = sourcecode.swift; path = PageContainer.swift; sourceTree = "<group>"; };
		BFD77FEA1EC2563600F32356 /* OnboardingContentView.swift */ = {isa = PBXFileReference; fileEncoding = 4; lastKnownFileType = sourcecode.swift; path = OnboardingContentView.swift; sourceTree = "<group>"; };
		BFD77FEC1EC2563A00F32356 /* OnboardingContantViewItem.swift */ = {isa = PBXFileReference; fileEncoding = 4; lastKnownFileType = sourcecode.swift; path = OnboardingContantViewItem.swift; sourceTree = "<group>"; };
		BFD77FEE1EC2564200F32356 /* Configuring.swift */ = {isa = PBXFileReference; fileEncoding = 4; lastKnownFileType = sourcecode.swift; path = Configuring.swift; sourceTree = "<group>"; };
		BFD77FEF1EC2564200F32356 /* ConstraintsHalper.swift */ = {isa = PBXFileReference; fileEncoding = 4; lastKnownFileType = sourcecode.swift; path = ConstraintsHalper.swift; sourceTree = "<group>"; };
		BFD77FF21EC2564800F32356 /* GestureControl.swift */ = {isa = PBXFileReference; fileEncoding = 4; lastKnownFileType = sourcecode.swift; path = GestureControl.swift; sourceTree = "<group>"; };
		BFD77FF41EC2564C00F32356 /* FillAnimationView.swift */ = {isa = PBXFileReference; fileEncoding = 4; lastKnownFileType = sourcecode.swift; path = FillAnimationView.swift; sourceTree = "<group>"; };
		BFD77FF61EC2566E00F32356 /* OnboardingViewController.swift */ = {isa = PBXFileReference; fileEncoding = 4; lastKnownFileType = sourcecode.swift; path = OnboardingViewController.swift; sourceTree = "<group>"; };
/* End PBXFileReference section */

/* Begin PBXFrameworksBuildPhase section */
		BF0F6FBA1EB8ACAB00CF2585 /* Frameworks */ = {
			isa = PBXFrameworksBuildPhase;
			buildActionMask = 2147483647;
			files = (
				F5C838B2E73F92A4CCA6EBFB /* Pods_Recipe.framework in Frameworks */,
			);
			runOnlyForDeploymentPostprocessing = 0;
		};
		BF0F6FD11EB8ACAB00CF2585 /* Frameworks */ = {
			isa = PBXFrameworksBuildPhase;
			buildActionMask = 2147483647;
			files = (
			);
			runOnlyForDeploymentPostprocessing = 0;
		};
		BF0F6FDC1EB8ACAB00CF2585 /* Frameworks */ = {
			isa = PBXFrameworksBuildPhase;
			buildActionMask = 2147483647;
			files = (
			);
			runOnlyForDeploymentPostprocessing = 0;
		};
/* End PBXFrameworksBuildPhase section */

/* Begin PBXGroup section */
		4140E73EB31AA1B31CC5338D /* Frameworks */ = {
			isa = PBXGroup;
			children = (
				463988DC8EE3D9228C1D7825 /* Pods_Recipe.framework */,
			);
			name = Frameworks;
			sourceTree = "<group>";
		};
		99CDCFEE49D2C1848948B638 /* Pods */ = {
			isa = PBXGroup;
			children = (
				8CD0247CCDF4D2D300059EE9 /* Pods-Recipe.debug.xcconfig */,
				54157A229ECB0D593FE80AFB /* Pods-Recipe.release.xcconfig */,
			);
			name = Pods;
			sourceTree = "<group>";
		};
		BF0F6FB41EB8ACAB00CF2585 = {
			isa = PBXGroup;
			children = (
				BFC920A11EB9046E006962C0 /* Podfile */,
				BF0F6FBF1EB8ACAB00CF2585 /* Recipe */,
				BF0F6FD71EB8ACAB00CF2585 /* RecipeTests */,
				BF0F6FE21EB8ACAB00CF2585 /* RecipeUITests */,
				BF0F6FBE1EB8ACAB00CF2585 /* Products */,
				99CDCFEE49D2C1848948B638 /* Pods */,
				4140E73EB31AA1B31CC5338D /* Frameworks */,
			);
			sourceTree = "<group>";
		};
		BF0F6FBE1EB8ACAB00CF2585 /* Products */ = {
			isa = PBXGroup;
			children = (
				BF0F6FBD1EB8ACAB00CF2585 /* Recipe.app */,
				BF0F6FD41EB8ACAB00CF2585 /* RecipeTests.xctest */,
				BF0F6FDF1EB8ACAB00CF2585 /* RecipeUITests.xctest */,
			);
			name = Products;
			sourceTree = "<group>";
		};
		BF0F6FBF1EB8ACAB00CF2585 /* Recipe */ = {
			isa = PBXGroup;
			children = (
				BF0F6FC01EB8ACAB00CF2585 /* AppDelegate.swift */,
				BF0F6FC21EB8ACAB00CF2585 /* ViewController.swift */,
				BFC920A71EB91389006962C0 /* SignUpViewController.swift */,
				BFB78DC71EBA5250000FE069 /* SetupViewController.swift */,
				BF152EF31EB92822006E9AF1 /* LogInViewController.swift */,
				BF0F6FF11EB8B19E00CF2585 /* FeedViewController.swift */,
				BFC9209D1EB8E74F006962C0 /* DiscoverViewController.swift */,
				BFC920A31EB9075C006962C0 /* MyPageViewController.swift */,
				BFC920A51EB9080B006962C0 /* PostViewController.swift */,
				BF4BFA901EBB4F8300B197E3 /* ViewPageController.swift */,
				BFBEEF341EBC99A0006E3F8C /* SettingsViewController.swift */,
				BF83177E1EBD43100050DCC5 /* DetailViewController.swift */,
				BFB8124D1EBFADF500F16FBD /* MyLikesViewController.swift */,
				BFD77FF61EC2566E00F32356 /* OnboardingViewController.swift */,
				BF0F6FC41EB8ACAB00CF2585 /* Main.storyboard */,
				BF0F6FCA1EB8ACAB00CF2585 /* Assets.xcassets */,
				BF0F6FCC1EB8ACAB00CF2585 /* LaunchScreen.storyboard */,
				BF0F6FCF1EB8ACAB00CF2585 /* Info.plist */,
				BF0F6FC71EB8ACAB00CF2585 /* Recipe.xcdatamodeld */,
				BFC9209F1EB8FB53006962C0 /* GoogleService-Info.plist */,
				BF152F371EB92E7F006E9AF1 /* STLoadingable.swift */,
				BF152F381EB92E7F006E9AF1 /* STLoadingGroup.swift */,
				BF152F3B1EB92E87006E9AF1 /* STArchLoading.swift */,
				BF152F3C1EB92E87006E9AF1 /* STBouncyPreloaderLoading.swift */,
				BF152F3D1EB92E87006E9AF1 /* STGlassesLoading.swift */,
				BF152F3E1EB92E87006E9AF1 /* STPacManLoading.swift */,
				BF152F3F1EB92E87006E9AF1 /* STSubmitLoading.swift */,
				BF152F401EB92E87006E9AF1 /* STTriangleLoading.swift */,
				BF152F411EB92E87006E9AF1 /* STWalkLoading.swift */,
				BF152F421EB92E87006E9AF1 /* STZhiHuLoading.swift */,
				BFD77FE61EC2562700F32356 /* PageViewItem.swift */,
				BFD77FEE1EC2564200F32356 /* Configuring.swift */,
				BFD77FEF1EC2564200F32356 /* ConstraintsHalper.swift */,
				BFD77FF21EC2564800F32356 /* GestureControl.swift */,
				BFD77FF41EC2564C00F32356 /* FillAnimationView.swift */,
				BFD77FE81EC2562D00F32356 /* PageContainer.swift */,
				BFD77FEA1EC2563600F32356 /* OnboardingContentView.swift */,
				BFD77FEC1EC2563A00F32356 /* OnboardingContantViewItem.swift */,
				BFD77FE21EC2561C00F32356 /* PaperOnboarding.swift */,
				BFD77FE41EC2562200F32356 /* PageView.swift */,
			);
			path = Recipe;
			sourceTree = "<group>";
		};
		BF0F6FD71EB8ACAB00CF2585 /* RecipeTests */ = {
			isa = PBXGroup;
			children = (
				BF0F6FD81EB8ACAB00CF2585 /* RecipeTests.swift */,
				BF0F6FDA1EB8ACAB00CF2585 /* Info.plist */,
			);
			path = RecipeTests;
			sourceTree = "<group>";
		};
		BF0F6FE21EB8ACAB00CF2585 /* RecipeUITests */ = {
			isa = PBXGroup;
			children = (
				BF0F6FE31EB8ACAB00CF2585 /* RecipeUITests.swift */,
				BF0F6FE51EB8ACAB00CF2585 /* Info.plist */,
			);
			path = RecipeUITests;
			sourceTree = "<group>";
		};
/* End PBXGroup section */

/* Begin PBXNativeTarget section */
		BF0F6FBC1EB8ACAB00CF2585 /* Recipe */ = {
			isa = PBXNativeTarget;
			buildConfigurationList = BF0F6FE81EB8ACAC00CF2585 /* Build configuration list for PBXNativeTarget "Recipe" */;
			buildPhases = (
				E954DA034AC53E5599D43BBC /* [CP] Check Pods Manifest.lock */,
				BF0F6FB91EB8ACAB00CF2585 /* Sources */,
				BF0F6FBA1EB8ACAB00CF2585 /* Frameworks */,
				BF0F6FBB1EB8ACAB00CF2585 /* Resources */,
				F277D86484FD30773F983A90 /* [CP] Embed Pods Frameworks */,
				835CA09AF1BF70C7260514B2 /* [CP] Copy Pods Resources */,
			);
			buildRules = (
			);
			dependencies = (
			);
			name = Recipe;
			productName = Recipe;
			productReference = BF0F6FBD1EB8ACAB00CF2585 /* Recipe.app */;
			productType = "com.apple.product-type.application";
		};
		BF0F6FD31EB8ACAB00CF2585 /* RecipeTests */ = {
			isa = PBXNativeTarget;
			buildConfigurationList = BF0F6FEB1EB8ACAC00CF2585 /* Build configuration list for PBXNativeTarget "RecipeTests" */;
			buildPhases = (
				BF0F6FD01EB8ACAB00CF2585 /* Sources */,
				BF0F6FD11EB8ACAB00CF2585 /* Frameworks */,
				BF0F6FD21EB8ACAB00CF2585 /* Resources */,
			);
			buildRules = (
			);
			dependencies = (
				BF0F6FD61EB8ACAB00CF2585 /* PBXTargetDependency */,
			);
			name = RecipeTests;
			productName = RecipeTests;
			productReference = BF0F6FD41EB8ACAB00CF2585 /* RecipeTests.xctest */;
			productType = "com.apple.product-type.bundle.unit-test";
		};
		BF0F6FDE1EB8ACAB00CF2585 /* RecipeUITests */ = {
			isa = PBXNativeTarget;
			buildConfigurationList = BF0F6FEE1EB8ACAC00CF2585 /* Build configuration list for PBXNativeTarget "RecipeUITests" */;
			buildPhases = (
				BF0F6FDB1EB8ACAB00CF2585 /* Sources */,
				BF0F6FDC1EB8ACAB00CF2585 /* Frameworks */,
				BF0F6FDD1EB8ACAB00CF2585 /* Resources */,
			);
			buildRules = (
			);
			dependencies = (
				BF0F6FE11EB8ACAB00CF2585 /* PBXTargetDependency */,
			);
			name = RecipeUITests;
			productName = RecipeUITests;
			productReference = BF0F6FDF1EB8ACAB00CF2585 /* RecipeUITests.xctest */;
			productType = "com.apple.product-type.bundle.ui-testing";
		};
/* End PBXNativeTarget section */

/* Begin PBXProject section */
		BF0F6FB51EB8ACAB00CF2585 /* Project object */ = {
			isa = PBXProject;
			attributes = {
				LastSwiftUpdateCheck = 0830;
				LastUpgradeCheck = 0830;
				ORGANIZATIONNAME = "Sixth Key";
				TargetAttributes = {
					BF0F6FBC1EB8ACAB00CF2585 = {
						CreatedOnToolsVersion = 8.3.2;
						DevelopmentTeam = T65ZUNQPUP;
						LastSwiftMigration = 0830;
						ProvisioningStyle = Automatic;
					};
					BF0F6FD31EB8ACAB00CF2585 = {
						CreatedOnToolsVersion = 8.3.2;
						DevelopmentTeam = T65ZUNQPUP;
						LastSwiftMigration = 0830;
						ProvisioningStyle = Automatic;
						TestTargetID = BF0F6FBC1EB8ACAB00CF2585;
					};
					BF0F6FDE1EB8ACAB00CF2585 = {
						CreatedOnToolsVersion = 8.3.2;
						DevelopmentTeam = T65ZUNQPUP;
						LastSwiftMigration = 0830;
						ProvisioningStyle = Automatic;
						TestTargetID = BF0F6FBC1EB8ACAB00CF2585;
					};
				};
			};
			buildConfigurationList = BF0F6FB81EB8ACAB00CF2585 /* Build configuration list for PBXProject "Recipe" */;
			compatibilityVersion = "Xcode 3.2";
			developmentRegion = English;
			hasScannedForEncodings = 0;
			knownRegions = (
				en,
				Base,
			);
			mainGroup = BF0F6FB41EB8ACAB00CF2585;
			productRefGroup = BF0F6FBE1EB8ACAB00CF2585 /* Products */;
			projectDirPath = "";
			projectRoot = "";
			targets = (
				BF0F6FBC1EB8ACAB00CF2585 /* Recipe */,
				BF0F6FD31EB8ACAB00CF2585 /* RecipeTests */,
				BF0F6FDE1EB8ACAB00CF2585 /* RecipeUITests */,
			);
		};
/* End PBXProject section */

/* Begin PBXResourcesBuildPhase section */
		BF0F6FBB1EB8ACAB00CF2585 /* Resources */ = {
			isa = PBXResourcesBuildPhase;
			buildActionMask = 2147483647;
			files = (
				BFC920A21EB9046E006962C0 /* Podfile in Resources */,
				BF0F6FCE1EB8ACAB00CF2585 /* LaunchScreen.storyboard in Resources */,
				BFC920A01EB8FB53006962C0 /* GoogleService-Info.plist in Resources */,
				BF0F6FCB1EB8ACAB00CF2585 /* Assets.xcassets in Resources */,
				BF0F6FC61EB8ACAB00CF2585 /* Main.storyboard in Resources */,
			);
			runOnlyForDeploymentPostprocessing = 0;
		};
		BF0F6FD21EB8ACAB00CF2585 /* Resources */ = {
			isa = PBXResourcesBuildPhase;
			buildActionMask = 2147483647;
			files = (
			);
			runOnlyForDeploymentPostprocessing = 0;
		};
		BF0F6FDD1EB8ACAB00CF2585 /* Resources */ = {
			isa = PBXResourcesBuildPhase;
			buildActionMask = 2147483647;
			files = (
			);
			runOnlyForDeploymentPostprocessing = 0;
		};
/* End PBXResourcesBuildPhase section */

/* Begin PBXShellScriptBuildPhase section */
		835CA09AF1BF70C7260514B2 /* [CP] Copy Pods Resources */ = {
			isa = PBXShellScriptBuildPhase;
			buildActionMask = 2147483647;
			files = (
			);
			inputPaths = (
			);
			name = "[CP] Copy Pods Resources";
			outputPaths = (
			);
			runOnlyForDeploymentPostprocessing = 0;
			shellPath = /bin/sh;
			shellScript = "\"${SRCROOT}/Pods/Target Support Files/Pods-Recipe/Pods-Recipe-resources.sh\"\n";
			showEnvVarsInLog = 0;
		};
		E954DA034AC53E5599D43BBC /* [CP] Check Pods Manifest.lock */ = {
			isa = PBXShellScriptBuildPhase;
			buildActionMask = 2147483647;
			files = (
			);
			inputPaths = (
			);
			name = "[CP] Check Pods Manifest.lock";
			outputPaths = (
			);
			runOnlyForDeploymentPostprocessing = 0;
			shellPath = /bin/sh;
			shellScript = "diff \"${PODS_PODFILE_DIR_PATH}/Podfile.lock\" \"${PODS_ROOT}/Manifest.lock\" > /dev/null\nif [ $? != 0 ] ; then\n    # print error to STDERR\n    echo \"error: The sandbox is not in sync with the Podfile.lock. Run 'pod install' or update your CocoaPods installation.\" >&2\n    exit 1\nfi\n";
			showEnvVarsInLog = 0;
		};
		F277D86484FD30773F983A90 /* [CP] Embed Pods Frameworks */ = {
			isa = PBXShellScriptBuildPhase;
			buildActionMask = 2147483647;
			files = (
			);
			inputPaths = (
			);
			name = "[CP] Embed Pods Frameworks";
			outputPaths = (
			);
			runOnlyForDeploymentPostprocessing = 0;
			shellPath = /bin/sh;
			shellScript = "\"${SRCROOT}/Pods/Target Support Files/Pods-Recipe/Pods-Recipe-frameworks.sh\"\n";
			showEnvVarsInLog = 0;
		};
/* End PBXShellScriptBuildPhase section */

/* Begin PBXSourcesBuildPhase section */
		BF0F6FB91EB8ACAB00CF2585 /* Sources */ = {
			isa = PBXSourcesBuildPhase;
			buildActionMask = 2147483647;
			files = (
				BF152F491EB92E87006E9AF1 /* STWalkLoading.swift in Sources */,
				BF0F6FC91EB8ACAB00CF2585 /* Recipe.xcdatamodeld in Sources */,
				BF83177F1EBD43100050DCC5 /* DetailViewController.swift in Sources */,
				BF152F3A1EB92E7F006E9AF1 /* STLoadingGroup.swift in Sources */,
				BFC920A41EB9075C006962C0 /* MyPageViewController.swift in Sources */,
				BFB78DC81EBA5250000FE069 /* SetupViewController.swift in Sources */,
				BFD77FF11EC2564200F32356 /* ConstraintsHalper.swift in Sources */,
				BF152EF41EB92822006E9AF1 /* LogInViewController.swift in Sources */,
				BFC920A81EB91389006962C0 /* SignUpViewController.swift in Sources */,
				BFC920A61EB9080B006962C0 /* PostViewController.swift in Sources */,
				BF0F6FC31EB8ACAB00CF2585 /* ViewController.swift in Sources */,
				BF4BFA911EBB4F8300B197E3 /* ViewPageController.swift in Sources */,
				BFB8124E1EBFADF500F16FBD /* MyLikesViewController.swift in Sources */,
				BFD77FEB1EC2563600F32356 /* OnboardingContentView.swift in Sources */,
				BF0F6FF21EB8B19E00CF2585 /* FeedViewController.swift in Sources */,
				BF152F4A1EB92E87006E9AF1 /* STZhiHuLoading.swift in Sources */,
				BFD77FE91EC2562D00F32356 /* PageContainer.swift in Sources */,
				BF0F6FC11EB8ACAB00CF2585 /* AppDelegate.swift in Sources */,
				BFBEEF351EBC99A0006E3F8C /* SettingsViewController.swift in Sources */,
				BFD77FF31EC2564800F32356 /* GestureControl.swift in Sources */,
				BFD77FF01EC2564200F32356 /* Configuring.swift in Sources */,
				BFD77FED1EC2563A00F32356 /* OnboardingContantViewItem.swift in Sources */,
				BFD77FF51EC2564C00F32356 /* FillAnimationView.swift in Sources */,
				BF152F471EB92E87006E9AF1 /* STSubmitLoading.swift in Sources */,
				BFD77FE51EC2562200F32356 /* PageView.swift in Sources */,
				BF152F431EB92E87006E9AF1 /* STArchLoading.swift in Sources */,
				BF152F451EB92E87006E9AF1 /* STGlassesLoading.swift in Sources */,
				BFC9209E1EB8E74F006962C0 /* DiscoverViewController.swift in Sources */,
				BF152F481EB92E87006E9AF1 /* STTriangleLoading.swift in Sources */,
				BF152F441EB92E87006E9AF1 /* STBouncyPreloaderLoading.swift in Sources */,
				BF152F391EB92E7F006E9AF1 /* STLoadingable.swift in Sources */,
				BFD77FE31EC2561C00F32356 /* PaperOnboarding.swift in Sources */,
				BFD77FF71EC2566E00F32356 /* OnboardingViewController.swift in Sources */,
				BFD77FE71EC2562700F32356 /* PageViewItem.swift in Sources */,
				BF152F461EB92E87006E9AF1 /* STPacManLoading.swift in Sources */,
			);
			runOnlyForDeploymentPostprocessing = 0;
		};
		BF0F6FD01EB8ACAB00CF2585 /* Sources */ = {
			isa = PBXSourcesBuildPhase;
			buildActionMask = 2147483647;
			files = (
				BF0F6FD91EB8ACAB00CF2585 /* RecipeTests.swift in Sources */,
			);
			runOnlyForDeploymentPostprocessing = 0;
		};
		BF0F6FDB1EB8ACAB00CF2585 /* Sources */ = {
			isa = PBXSourcesBuildPhase;
			buildActionMask = 2147483647;
			files = (
				BF0F6FE41EB8ACAB00CF2585 /* RecipeUITests.swift in Sources */,
			);
			runOnlyForDeploymentPostprocessing = 0;
		};
/* End PBXSourcesBuildPhase section */

/* Begin PBXTargetDependency section */
		BF0F6FD61EB8ACAB00CF2585 /* PBXTargetDependency */ = {
			isa = PBXTargetDependency;
			target = BF0F6FBC1EB8ACAB00CF2585 /* Recipe */;
			targetProxy = BF0F6FD51EB8ACAB00CF2585 /* PBXContainerItemProxy */;
		};
		BF0F6FE11EB8ACAB00CF2585 /* PBXTargetDependency */ = {
			isa = PBXTargetDependency;
			target = BF0F6FBC1EB8ACAB00CF2585 /* Recipe */;
			targetProxy = BF0F6FE01EB8ACAB00CF2585 /* PBXContainerItemProxy */;
		};
/* End PBXTargetDependency section */

/* Begin PBXVariantGroup section */
		BF0F6FC41EB8ACAB00CF2585 /* Main.storyboard */ = {
			isa = PBXVariantGroup;
			children = (
				BF0F6FC51EB8ACAB00CF2585 /* Base */,
			);
			name = Main.storyboard;
			sourceTree = "<group>";
		};
		BF0F6FCC1EB8ACAB00CF2585 /* LaunchScreen.storyboard */ = {
			isa = PBXVariantGroup;
			children = (
				BF0F6FCD1EB8ACAB00CF2585 /* Base */,
			);
			name = LaunchScreen.storyboard;
			sourceTree = "<group>";
		};
/* End PBXVariantGroup section */

/* Begin XCBuildConfiguration section */
		BF0F6FE61EB8ACAB00CF2585 /* Debug */ = {
			isa = XCBuildConfiguration;
			buildSettings = {
				ALWAYS_SEARCH_USER_PATHS = NO;
				CLANG_ANALYZER_NONNULL = YES;
				CLANG_ANALYZER_NUMBER_OBJECT_CONVERSION = YES_AGGRESSIVE;
				CLANG_CXX_LANGUAGE_STANDARD = "gnu++0x";
				CLANG_CXX_LIBRARY = "libc++";
				CLANG_ENABLE_MODULES = YES;
				CLANG_ENABLE_OBJC_ARC = YES;
				CLANG_WARN_BOOL_CONVERSION = YES;
				CLANG_WARN_CONSTANT_CONVERSION = YES;
				CLANG_WARN_DIRECT_OBJC_ISA_USAGE = YES_ERROR;
				CLANG_WARN_DOCUMENTATION_COMMENTS = YES;
				CLANG_WARN_EMPTY_BODY = YES;
				CLANG_WARN_ENUM_CONVERSION = YES;
				CLANG_WARN_INFINITE_RECURSION = YES;
				CLANG_WARN_INT_CONVERSION = YES;
				CLANG_WARN_OBJC_ROOT_CLASS = YES_ERROR;
				CLANG_WARN_SUSPICIOUS_MOVE = YES;
				CLANG_WARN_UNREACHABLE_CODE = YES;
				CLANG_WARN__DUPLICATE_METHOD_MATCH = YES;
				"CODE_SIGN_IDENTITY[sdk=iphoneos*]" = "iPhone Developer";
				COPY_PHASE_STRIP = NO;
				DEBUG_INFORMATION_FORMAT = dwarf;
				ENABLE_STRICT_OBJC_MSGSEND = YES;
				ENABLE_TESTABILITY = YES;
				GCC_C_LANGUAGE_STANDARD = gnu99;
				GCC_DYNAMIC_NO_PIC = NO;
				GCC_NO_COMMON_BLOCKS = YES;
				GCC_OPTIMIZATION_LEVEL = 0;
				GCC_PREPROCESSOR_DEFINITIONS = (
					"DEBUG=1",
					"$(inherited)",
				);
				GCC_WARN_64_TO_32_BIT_CONVERSION = YES;
				GCC_WARN_ABOUT_RETURN_TYPE = YES_ERROR;
				GCC_WARN_UNDECLARED_SELECTOR = YES;
				GCC_WARN_UNINITIALIZED_AUTOS = YES_AGGRESSIVE;
				GCC_WARN_UNUSED_FUNCTION = YES;
				GCC_WARN_UNUSED_VARIABLE = YES;
				IPHONEOS_DEPLOYMENT_TARGET = 10.3;
				MTL_ENABLE_DEBUG_INFO = YES;
				ONLY_ACTIVE_ARCH = YES;
				SDKROOT = iphoneos;
				SWIFT_ACTIVE_COMPILATION_CONDITIONS = DEBUG;
				SWIFT_OPTIMIZATION_LEVEL = "-Onone";
			};
			name = Debug;
		};
		BF0F6FE71EB8ACAB00CF2585 /* Release */ = {
			isa = XCBuildConfiguration;
			buildSettings = {
				ALWAYS_SEARCH_USER_PATHS = NO;
				CLANG_ANALYZER_NONNULL = YES;
				CLANG_ANALYZER_NUMBER_OBJECT_CONVERSION = YES_AGGRESSIVE;
				CLANG_CXX_LANGUAGE_STANDARD = "gnu++0x";
				CLANG_CXX_LIBRARY = "libc++";
				CLANG_ENABLE_MODULES = YES;
				CLANG_ENABLE_OBJC_ARC = YES;
				CLANG_WARN_BOOL_CONVERSION = YES;
				CLANG_WARN_CONSTANT_CONVERSION = YES;
				CLANG_WARN_DIRECT_OBJC_ISA_USAGE = YES_ERROR;
				CLANG_WARN_DOCUMENTATION_COMMENTS = YES;
				CLANG_WARN_EMPTY_BODY = YES;
				CLANG_WARN_ENUM_CONVERSION = YES;
				CLANG_WARN_INFINITE_RECURSION = YES;
				CLANG_WARN_INT_CONVERSION = YES;
				CLANG_WARN_OBJC_ROOT_CLASS = YES_ERROR;
				CLANG_WARN_SUSPICIOUS_MOVE = YES;
				CLANG_WARN_UNREACHABLE_CODE = YES;
				CLANG_WARN__DUPLICATE_METHOD_MATCH = YES;
				"CODE_SIGN_IDENTITY[sdk=iphoneos*]" = "iPhone Developer";
				COPY_PHASE_STRIP = NO;
				DEBUG_INFORMATION_FORMAT = "dwarf-with-dsym";
				ENABLE_NS_ASSERTIONS = NO;
				ENABLE_STRICT_OBJC_MSGSEND = YES;
				GCC_C_LANGUAGE_STANDARD = gnu99;
				GCC_NO_COMMON_BLOCKS = YES;
				GCC_WARN_64_TO_32_BIT_CONVERSION = YES;
				GCC_WARN_ABOUT_RETURN_TYPE = YES_ERROR;
				GCC_WARN_UNDECLARED_SELECTOR = YES;
				GCC_WARN_UNINITIALIZED_AUTOS = YES_AGGRESSIVE;
				GCC_WARN_UNUSED_FUNCTION = YES;
				GCC_WARN_UNUSED_VARIABLE = YES;
				IPHONEOS_DEPLOYMENT_TARGET = 10.3;
				MTL_ENABLE_DEBUG_INFO = NO;
				SDKROOT = iphoneos;
				SWIFT_OPTIMIZATION_LEVEL = "-Owholemodule";
				VALIDATE_PRODUCT = YES;
			};
			name = Release;
		};
		BF0F6FE91EB8ACAC00CF2585 /* Debug */ = {
			isa = XCBuildConfiguration;
			baseConfigurationReference = 8CD0247CCDF4D2D300059EE9 /* Pods-Recipe.debug.xcconfig */;
			buildSettings = {
				ALWAYS_EMBED_SWIFT_STANDARD_LIBRARIES = YES;
				ASSETCATALOG_COMPILER_APPICON_NAME = AppIcon;
				DEVELOPMENT_TEAM = T65ZUNQPUP;
				INFOPLIST_FILE = Recipe/Info.plist;
				LD_RUNPATH_SEARCH_PATHS = "$(inherited) @executable_path/Frameworks";
				PRODUCT_BUNDLE_IDENTIFIER = com.sixthkey.Recipe;
				PRODUCT_NAME = "$(TARGET_NAME)";
				SWIFT_VERSION = 3.0;
			};
			name = Debug;
		};
		BF0F6FEA1EB8ACAC00CF2585 /* Release */ = {
			isa = XCBuildConfiguration;
			baseConfigurationReference = 54157A229ECB0D593FE80AFB /* Pods-Recipe.release.xcconfig */;
			buildSettings = {
				ALWAYS_EMBED_SWIFT_STANDARD_LIBRARIES = YES;
				ASSETCATALOG_COMPILER_APPICON_NAME = AppIcon;
				DEVELOPMENT_TEAM = T65ZUNQPUP;
				INFOPLIST_FILE = Recipe/Info.plist;
				LD_RUNPATH_SEARCH_PATHS = "$(inherited) @executable_path/Frameworks";
				PRODUCT_BUNDLE_IDENTIFIER = com.sixthkey.Recipe;
				PRODUCT_NAME = "$(TARGET_NAME)";
				SWIFT_VERSION = 3.0;
			};
			name = Release;
		};
		BF0F6FEC1EB8ACAC00CF2585 /* Debug */ = {
			isa = XCBuildConfiguration;
			buildSettings = {
				ALWAYS_EMBED_SWIFT_STANDARD_LIBRARIES = YES;
				BUNDLE_LOADER = "$(TEST_HOST)";
				DEVELOPMENT_TEAM = T65ZUNQPUP;
				INFOPLIST_FILE = RecipeTests/Info.plist;
				LD_RUNPATH_SEARCH_PATHS = "$(inherited) @executable_path/Frameworks @loader_path/Frameworks";
				PRODUCT_BUNDLE_IDENTIFIER = com.sixthkey.RecipeTests;
				PRODUCT_NAME = "$(TARGET_NAME)";
				SWIFT_VERSION = 3.0;
				TEST_HOST = "$(BUILT_PRODUCTS_DIR)/Recipe.app/Recipe";
			};
			name = Debug;
		};
		BF0F6FED1EB8ACAC00CF2585 /* Release */ = {
			isa = XCBuildConfiguration;
			buildSettings = {
				ALWAYS_EMBED_SWIFT_STANDARD_LIBRARIES = YES;
				BUNDLE_LOADER = "$(TEST_HOST)";
				DEVELOPMENT_TEAM = T65ZUNQPUP;
				INFOPLIST_FILE = RecipeTests/Info.plist;
				LD_RUNPATH_SEARCH_PATHS = "$(inherited) @executable_path/Frameworks @loader_path/Frameworks";
				PRODUCT_BUNDLE_IDENTIFIER = com.sixthkey.RecipeTests;
				PRODUCT_NAME = "$(TARGET_NAME)";
				SWIFT_VERSION = 3.0;
				TEST_HOST = "$(BUILT_PRODUCTS_DIR)/Recipe.app/Recipe";
			};
			name = Release;
		};
		BF0F6FEF1EB8ACAC00CF2585 /* Debug */ = {
			isa = XCBuildConfiguration;
			buildSettings = {
				ALWAYS_EMBED_SWIFT_STANDARD_LIBRARIES = YES;
				DEVELOPMENT_TEAM = T65ZUNQPUP;
				INFOPLIST_FILE = RecipeUITests/Info.plist;
				LD_RUNPATH_SEARCH_PATHS = "$(inherited) @executable_path/Frameworks @loader_path/Frameworks";
				PRODUCT_BUNDLE_IDENTIFIER = com.sixthkey.RecipeUITests;
				PRODUCT_NAME = "$(TARGET_NAME)";
				SWIFT_VERSION = 3.0;
				TEST_TARGET_NAME = Recipe;
			};
			name = Debug;
		};
		BF0F6FF01EB8ACAC00CF2585 /* Release */ = {
			isa = XCBuildConfiguration;
			buildSettings = {
				ALWAYS_EMBED_SWIFT_STANDARD_LIBRARIES = YES;
				DEVELOPMENT_TEAM = T65ZUNQPUP;
				INFOPLIST_FILE = RecipeUITests/Info.plist;
				LD_RUNPATH_SEARCH_PATHS = "$(inherited) @executable_path/Frameworks @loader_path/Frameworks";
				PRODUCT_BUNDLE_IDENTIFIER = com.sixthkey.RecipeUITests;
				PRODUCT_NAME = "$(TARGET_NAME)";
				SWIFT_VERSION = 3.0;
				TEST_TARGET_NAME = Recipe;
			};
			name = Release;
		};
/* End XCBuildConfiguration section */

/* Begin XCConfigurationList section */
		BF0F6FB81EB8ACAB00CF2585 /* Build configuration list for PBXProject "Recipe" */ = {
			isa = XCConfigurationList;
			buildConfigurations = (
				BF0F6FE61EB8ACAB00CF2585 /* Debug */,
				BF0F6FE71EB8ACAB00CF2585 /* Release */,
			);
			defaultConfigurationIsVisible = 0;
			defaultConfigurationName = Release;
		};
		BF0F6FE81EB8ACAC00CF2585 /* Build configuration list for PBXNativeTarget "Recipe" */ = {
			isa = XCConfigurationList;
			buildConfigurations = (
				BF0F6FE91EB8ACAC00CF2585 /* Debug */,
				BF0F6FEA1EB8ACAC00CF2585 /* Release */,
			);
			defaultConfigurationIsVisible = 0;
			defaultConfigurationName = Release;
		};
		BF0F6FEB1EB8ACAC00CF2585 /* Build configuration list for PBXNativeTarget "RecipeTests" */ = {
			isa = XCConfigurationList;
			buildConfigurations = (
				BF0F6FEC1EB8ACAC00CF2585 /* Debug */,
				BF0F6FED1EB8ACAC00CF2585 /* Release */,
			);
			defaultConfigurationIsVisible = 0;
			defaultConfigurationName = Release;
		};
		BF0F6FEE1EB8ACAC00CF2585 /* Build configuration list for PBXNativeTarget "RecipeUITests" */ = {
			isa = XCConfigurationList;
			buildConfigurations = (
				BF0F6FEF1EB8ACAC00CF2585 /* Debug */,
				BF0F6FF01EB8ACAC00CF2585 /* Release */,
			);
			defaultConfigurationIsVisible = 0;
			defaultConfigurationName = Release;
		};
/* End XCConfigurationList section */

/* Begin XCVersionGroup section */
		BF0F6FC71EB8ACAB00CF2585 /* Recipe.xcdatamodeld */ = {
			isa = XCVersionGroup;
			children = (
				BF0F6FC81EB8ACAB00CF2585 /* Recipe.xcdatamodel */,
			);
			currentVersion = BF0F6FC81EB8ACAB00CF2585 /* Recipe.xcdatamodel */;
			path = Recipe.xcdatamodeld;
			sourceTree = "<group>";
			versionGroupType = wrapper.xcdatamodel;
		};
/* End XCVersionGroup section */
	};
	rootObject = BF0F6FB51EB8ACAB00CF2585 /* Project object */;
}
